
Microsoft Visual Studio Solution File, Format Version 12.00
# Visual Studio Version 17
VisualStudioVersion = 17.1.32319.34
MinimumVisualStudioVersion = 10.0.40219.1
Project("{FAE04EC0-301F-11D3-BF4B-00C04F79EFBC}") = "MyConsoleApp", "MyConsoleApp\MyConsoleApp.csproj", "{2A54EB33-B0F0-4B1B-8371-41D8B31CC7BF}"
EndProject
Project("{FAE04EC0-301F-11D3-BF4B-00C04F79EFBC}") = "Business", "Business\Business.csproj", "{9C7279EC-6D26-4FAE-A40A-D3720FCF6907}"
EndProject
Project("{FAE04EC0-301F-11D3-BF4B-00C04F79EFBC}") = "DataAccess", "DataAccess\DataAccess.csproj", "{AEE5146B-0F72-4970-9C83-480BD1772950}"
EndProject
Project("{FAE04EC0-301F-11D3-BF4B-00C04F79EFBC}") = "Entities", "Entities\Entities.csproj", "{055B92EF-EEB4-4BFD-9E00-6875B927AC4A}"
EndProject
Project("{FAE04EC0-301F-11D3-BF4B-00C04F79EFBC}") = "Utilities", "Utilities\Utilities.csproj", "{2DBBDD35-A266-4FDA-BB47-4E90F87EDD8F}"
EndProject
Global
	GlobalSection(SolutionConfigurationPlatforms) = preSolution
		Debug|Any CPU = Debug|Any CPU
		Release|Any CPU = Release|Any CPU
	EndGlobalSection
	GlobalSection(ProjectConfigurationPlatforms) = postSolution
		{2A54EB33-B0F0-4B1B-8371-41D8B31CC7BF}.Debug|Any CPU.ActiveCfg = Debug|Any CPU
		{2A54EB33-B0F0-4B1B-8371-41D8B31CC7BF}.Debug|Any CPU.Build.0 = Debug|Any CPU
		{2A54EB33-B0F0-4B1B-8371-41D8B31CC7BF}.Release|Any CPU.ActiveCfg = Release|Any CPU
		{2A54EB33-B0F0-4B1B-8371-41D8B31CC7BF}.Release|Any CPU.Build.0 = Release|Any CPU
		{9C7279EC-6D26-4FAE-A40A-D3720FCF6907}.Debug|Any CPU.ActiveCfg = Debug|Any CPU
		{9C7279EC-6D26-4FAE-A40A-D3720FCF6907}.Debug|Any CPU.Build.0 = Debug|Any CPU
		{9C7279EC-6D26-4FAE-A40A-D3720FCF6907}.Release|Any CPU.ActiveCfg = Release|Any CPU
		{9C7279EC-6D26-4FAE-A40A-D3720FCF6907}.Release|Any CPU.Build.0 = Release|Any CPU
		{AEE5146B-0F72-4970-9C83-480BD1772950}.Debug|Any CPU.ActiveCfg = Debug|Any CPU
		{AEE5146B-0F72-4970-9C83-480BD1772950}.Debug|Any CPU.Build.0 = Debug|Any CPU
		{AEE5146B-0F72-4970-9C83-480BD1772950}.Release|Any CPU.ActiveCfg = Release|Any CPU
		{AEE5146B-0F72-4970-9C83-480BD1772950}.Release|Any CPU.Build.0 = Release|Any CPU
		{055B92EF-EEB4-4BFD-9E00-6875B927AC4A}.Debug|Any CPU.ActiveCfg = Debug|Any CPU
		{055B92EF-EEB4-4BFD-9E00-6875B927AC4A}.Debug|Any CPU.Build.0 = Debug|Any CPU
		{055B92EF-EEB4-4BFD-9E00-6875B927AC4A}.Release|Any CPU.ActiveCfg = Release|Any CPU
		{055B92EF-EEB4-4BFD-9E00-6875B927AC4A}.Release|Any CPU.Build.0 = Release|Any CPU
		{2DBBDD35-A266-4FDA-BB47-4E90F87EDD8F}.Debug|Any CPU.ActiveCfg = Debug|Any CPU
		{2DBBDD35-A266-4FDA-BB47-4E90F87EDD8F}.Debug|Any CPU.Build.0 = Debug|Any CPU
		{2DBBDD35-A266-4FDA-BB47-4E90F87EDD8F}.Release|Any CPU.ActiveCfg = Release|Any CPU
		{2DBBDD35-A266-4FDA-BB47-4E90F87EDD8F}.Release|Any CPU.Build.0 = Release|Any CPU
	EndGlobalSection
	GlobalSection(SolutionProperties) = preSolution
		HideSolutionNode = FALSE
	EndGlobalSection
	GlobalSection(ExtensibilityGlobals) = postSolution
		SolutionGuid = {04378D39-B1E8-44B9-B234-D61545B167CF}
	EndGlobalSection
EndGlobal
